
Microsoft Visual Studio Solution File, Format Version 12.00
# Visual Studio Version 17
VisualStudioVersion = 17.0.31903.59
MinimumVisualStudioVersion = 10.0.40219.1
Project("{F2A71F9B-5D33-465A-A702-920D77279786}") = "Dootverse.WebGPU", "Dootverse.WebGPU.fsproj", "{D1426C1F-E671-4A1B-A2DF-BD7FF70379B1}"
EndProject
Project("{F2A71F9B-5D33-465A-A702-920D77279786}") = "Dootverse.Compute", "Dootverse.Compute\Dootverse.Compute.fsproj", "{129FE7D4-7EE3-4FCF-8981-BCABD23CD663}"
EndProject
Project("{F2A71F9B-5D33-465A-A702-920D77279786}") = "Raycast.Compute", "Raycast.Compute\Raycast.Compute.fsproj", "{90DEF0A8-1DFD-4254-B930-DE0046BB443B}"
EndProject
Project("{F2A71F9B-5D33-465A-A702-920D77279786}") = "Raycast.Renderer", "Raycast.Renderer\Raycast.Renderer.fsproj", "{2051095A-B37F-4ABC-B56C-B0CC45CF8E9B}"
EndProject
Global
	GlobalSection(SolutionConfigurationPlatforms) = preSolution
		Debug|Any CPU = Debug|Any CPU
		Release|Any CPU = Release|Any CPU
	EndGlobalSection
	GlobalSection(SolutionProperties) = preSolution
		HideSolutionNode = FALSE
	EndGlobalSection
	GlobalSection(ProjectConfigurationPlatforms) = postSolution
		{D1426C1F-E671-4A1B-A2DF-BD7FF70379B1}.Debug|Any CPU.ActiveCfg = Debug|Any CPU
		{D1426C1F-E671-4A1B-A2DF-BD7FF70379B1}.Debug|Any CPU.Build.0 = Debug|Any CPU
		{D1426C1F-E671-4A1B-A2DF-BD7FF70379B1}.Release|Any CPU.ActiveCfg = Release|Any CPU
		{D1426C1F-E671-4A1B-A2DF-BD7FF70379B1}.Release|Any CPU.Build.0 = Release|Any CPU
		{129FE7D4-7EE3-4FCF-8981-BCABD23CD663}.Debug|Any CPU.ActiveCfg = Debug|Any CPU
		{129FE7D4-7EE3-4FCF-8981-BCABD23CD663}.Debug|Any CPU.Build.0 = Debug|Any CPU
		{129FE7D4-7EE3-4FCF-8981-BCABD23CD663}.Release|Any CPU.ActiveCfg = Release|Any CPU
		{129FE7D4-7EE3-4FCF-8981-BCABD23CD663}.Release|Any CPU.Build.0 = Release|Any CPU
		{90DEF0A8-1DFD-4254-B930-DE0046BB443B}.Debug|Any CPU.ActiveCfg = Debug|Any CPU
		{90DEF0A8-1DFD-4254-B930-DE0046BB443B}.Debug|Any CPU.Build.0 = Debug|Any CPU
		{90DEF0A8-1DFD-4254-B930-DE0046BB443B}.Release|Any CPU.ActiveCfg = Release|Any CPU
		{90DEF0A8-1DFD-4254-B930-DE0046BB443B}.Release|Any CPU.Build.0 = Release|Any CPU
		{2051095A-B37F-4ABC-B56C-B0CC45CF8E9B}.Debug|Any CPU.ActiveCfg = Debug|Any CPU
		{2051095A-B37F-4ABC-B56C-B0CC45CF8E9B}.Debug|Any CPU.Build.0 = Debug|Any CPU
		{2051095A-B37F-4ABC-B56C-B0CC45CF8E9B}.Release|Any CPU.ActiveCfg = Release|Any CPU
		{2051095A-B37F-4ABC-B56C-B0CC45CF8E9B}.Release|Any CPU.Build.0 = Release|Any CPU
	EndGlobalSection
EndGlobal
